
Microsoft Visual Studio Solution File, Format Version 12.00
# Visual Studio 2013
VisualStudioVersion = 12.0.31101.0
MinimumVisualStudioVersion = 10.0.40219.1
Project("{FAE04EC0-301F-11D3-BF4B-00C04F79EFBC}") = "LeagueApiInterface", "LeagueApiInterface\LeagueApiInterface.csproj", "{9A3975EB-7824-4474-864A-61E7740346E2}"
EndProject
Project("{FAE04EC0-301F-11D3-BF4B-00C04F79EFBC}") = "ConsoleApplication1", "ConsoleApplication1\ConsoleApplication1.csproj", "{6E2241EB-BABC-4720-B6CC-97B1C0CE7011}"
EndProject
Project("{FAE04EC0-301F-11D3-BF4B-00C04F79EFBC}") = "Infinity", "Infinity\Infinity.csproj", "{7E422680-5D0C-4EAB-AC71-BA473B3136A0}"
EndProject
Global
	GlobalSection(SolutionConfigurationPlatforms) = preSolution
		Debug|Any CPU = Debug|Any CPU
		Release|Any CPU = Release|Any CPU
	EndGlobalSection
	GlobalSection(ProjectConfigurationPlatforms) = postSolution
		{9A3975EB-7824-4474-864A-61E7740346E2}.Debug|Any CPU.ActiveCfg = Debug|Any CPU
		{9A3975EB-7824-4474-864A-61E7740346E2}.Debug|Any CPU.Build.0 = Debug|Any CPU
		{9A3975EB-7824-4474-864A-61E7740346E2}.Release|Any CPU.ActiveCfg = Release|Any CPU
		{9A3975EB-7824-4474-864A-61E7740346E2}.Release|Any CPU.Build.0 = Release|Any CPU
		{6E2241EB-BABC-4720-B6CC-97B1C0CE7011}.Debug|Any CPU.ActiveCfg = Debug|Any CPU
		{6E2241EB-BABC-4720-B6CC-97B1C0CE7011}.Debug|Any CPU.Build.0 = Debug|Any CPU
		{6E2241EB-BABC-4720-B6CC-97B1C0CE7011}.Release|Any CPU.ActiveCfg = Release|Any CPU
		{6E2241EB-BABC-4720-B6CC-97B1C0CE7011}.Release|Any CPU.Build.0 = Release|Any CPU
		{7E422680-5D0C-4EAB-AC71-BA473B3136A0}.Debug|Any CPU.ActiveCfg = Debug|Any CPU
		{7E422680-5D0C-4EAB-AC71-BA473B3136A0}.Debug|Any CPU.Build.0 = Debug|Any CPU
		{7E422680-5D0C-4EAB-AC71-BA473B3136A0}.Release|Any CPU.ActiveCfg = Release|Any CPU
		{7E422680-5D0C-4EAB-AC71-BA473B3136A0}.Release|Any CPU.Build.0 = Release|Any CPU
	EndGlobalSection
	GlobalSection(SolutionProperties) = preSolution
		HideSolutionNode = FALSE
	EndGlobalSection
EndGlobal
